
Microsoft Visual Studio Solution File, Format Version 11.00
# Visual Studio 2010
Project("{FAE04EC0-301F-11D3-BF4B-00C04F79EFBC}") = "4780_final_car_POS", "4780_final_car_POS\4780_final_car_POS.csproj", "{B707C01D-25B1-4BCE-827D-854B6B5C435E}"
EndProject
Global
	GlobalSection(SolutionConfigurationPlatforms) = preSolution
		Debug|x86 = Debug|x86
		Release|x86 = Release|x86
	EndGlobalSection
	GlobalSection(ProjectConfigurationPlatforms) = postSolution
		{B707C01D-25B1-4BCE-827D-854B6B5C435E}.Debug|x86.ActiveCfg = Debug|x86
		{B707C01D-25B1-4BCE-827D-854B6B5C435E}.Debug|x86.Build.0 = Debug|x86
		{B707C01D-25B1-4BCE-827D-854B6B5C435E}.Release|x86.ActiveCfg = Release|x86
		{B707C01D-25B1-4BCE-827D-854B6B5C435E}.Release|x86.Build.0 = Release|x86
	EndGlobalSection
	GlobalSection(SolutionProperties) = preSolution
		HideSolutionNode = FALSE
	EndGlobalSection
EndGlobal
